// !$*UTF8*$!
{
	archiveVersion = 1;
	classes = {
	};
	objectVersion = 56;
	objects = {

/* Begin PBXBuildFile section */
		2EA1CFE32C52123000A3A437 /* INDODOCSApp.swift in Sources */ = {isa = PBXBuildFile; fileRef = 2EA1CFE22C52123000A3A437 /* INDODOCSApp.swift */; };
		2EA1CFE52C52123000A3A437 /* ContentView.swift in Sources */ = {isa = PBXBuildFile; fileRef = 2EA1CFE42C52123000A3A437 /* ContentView.swift */; };
		2EA1CFE72C52123100A3A437 /* Assets.xcassets in Resources */ = {isa = PBXBuildFile; fileRef = 2EA1CFE62C52123100A3A437 /* Assets.xcassets */; };
		2EA1CFEA2C52123100A3A437 /* Preview Assets.xcassets in Resources */ = {isa = PBXBuildFile; fileRef = 2EA1CFE92C52123100A3A437 /* Preview Assets.xcassets */; };
		2EA1CFF22C52131700A3A437 /* APIModel.swift in Sources */ = {isa = PBXBuildFile; fileRef = 2EA1CFF12C52131700A3A437 /* APIModel.swift */; };
		2EA1CFF52C52142100A3A437 /* APIServices.swift in Sources */ = {isa = PBXBuildFile; fileRef = 2EA1CFF42C52142100A3A437 /* APIServices.swift */; };
		2EA1CFF72C6094FC00A3A437 /* PredictionModel.swift in Sources */ = {isa = PBXBuildFile; fileRef = 2EA1CFF62C6094FC00A3A437 /* PredictionModel.swift */; };
		2EA1CFFA2C60955D00A3A437 /* ImagePredictionViewModel.swift in Sources */ = {isa = PBXBuildFile; fileRef = 2EA1CFF92C60955D00A3A437 /* ImagePredictionViewModel.swift */; };
		2EA1CFFC2C60958A00A3A437 /* ImagePredictionView.swift in Sources */ = {isa = PBXBuildFile; fileRef = 2EA1CFFB2C60958A00A3A437 /* ImagePredictionView.swift */; };
		2EA1CFFE2C609A3D00A3A437 /* ImagePicker.swift in Sources */ = {isa = PBXBuildFile; fileRef = 2EA1CFFD2C609A3D00A3A437 /* ImagePicker.swift */; };
/* End PBXBuildFile section */

/* Begin PBXFileReference section */
		2EA1CFDF2C52123000A3A437 /* INDODOCS.app */ = {isa = PBXFileReference; explicitFileType = wrapper.application; includeInIndex = 0; path = INDODOCS.app; sourceTree = BUILT_PRODUCTS_DIR; };
		2EA1CFE22C52123000A3A437 /* INDODOCSApp.swift */ = {isa = PBXFileReference; lastKnownFileType = sourcecode.swift; path = INDODOCSApp.swift; sourceTree = "<group>"; };
		2EA1CFE42C52123000A3A437 /* ContentView.swift */ = {isa = PBXFileReference; lastKnownFileType = sourcecode.swift; path = ContentView.swift; sourceTree = "<group>"; };
		2EA1CFE62C52123100A3A437 /* Assets.xcassets */ = {isa = PBXFileReference; lastKnownFileType = folder.assetcatalog; path = Assets.xcassets; sourceTree = "<group>"; };
		2EA1CFE92C52123100A3A437 /* Preview Assets.xcassets */ = {isa = PBXFileReference; lastKnownFileType = folder.assetcatalog; path = "Preview Assets.xcassets"; sourceTree = "<group>"; };
		2EA1CFF12C52131700A3A437 /* APIModel.swift */ = {isa = PBXFileReference; lastKnownFileType = sourcecode.swift; path = APIModel.swift; sourceTree = "<group>"; };
		2EA1CFF42C52142100A3A437 /* APIServices.swift */ = {isa = PBXFileReference; lastKnownFileType = sourcecode.swift; path = APIServices.swift; sourceTree = "<group>"; };
		2EA1CFF62C6094FC00A3A437 /* PredictionModel.swift */ = {isa = PBXFileReference; lastKnownFileType = sourcecode.swift; path = PredictionModel.swift; sourceTree = "<group>"; };
		2EA1CFF92C60955D00A3A437 /* ImagePredictionViewModel.swift */ = {isa = PBXFileReference; lastKnownFileType = sourcecode.swift; path = ImagePredictionViewModel.swift; sourceTree = "<group>"; };
		2EA1CFFB2C60958A00A3A437 /* ImagePredictionView.swift */ = {isa = PBXFileReference; lastKnownFileType = sourcecode.swift; path = ImagePredictionView.swift; sourceTree = "<group>"; };
		2EA1CFFD2C609A3D00A3A437 /* ImagePicker.swift */ = {isa = PBXFileReference; lastKnownFileType = sourcecode.swift; path = ImagePicker.swift; sourceTree = "<group>"; };
/* End PBXFileReference section */

/* Begin PBXFrameworksBuildPhase section */
		2EA1CFDC2C52123000A3A437 /* Frameworks */ = {
			isa = PBXFrameworksBuildPhase;
			buildActionMask = 2147483647;
			files = (
			);
			runOnlyForDeploymentPostprocessing = 0;
		};
/* End PBXFrameworksBuildPhase section */

/* Begin PBXGroup section */
		2EA1CFD62C52123000A3A437 = {
			isa = PBXGroup;
			children = (
				2EA1CFE12C52123000A3A437 /* INDODOCS */,
				2EA1CFE02C52123000A3A437 /* Products */,
			);
			sourceTree = "<group>";
		};
		2EA1CFE02C52123000A3A437 /* Products */ = {
			isa = PBXGroup;
			children = (
				2EA1CFDF2C52123000A3A437 /* INDODOCS.app */,
			);
			name = Products;
			sourceTree = "<group>";
		};
		2EA1CFE12C52123000A3A437 /* INDODOCS */ = {
			isa = PBXGroup;
			children = (
				2EA1CFE22C52123000A3A437 /* INDODOCSApp.swift */,
				2EA1CFE42C52123000A3A437 /* ContentView.swift */,
				2EA1CFFB2C60958A00A3A437 /* ImagePredictionView.swift */,
				2EA1CFFD2C609A3D00A3A437 /* ImagePicker.swift */,
				2EA1CFF82C60953B00A3A437 /* ViewModels */,
				2EA1CFF32C52132300A3A437 /* Utils */,
				2EA1CFF02C5212FC00A3A437 /* Models */,
				2EA1CFE62C52123100A3A437 /* Assets.xcassets */,
				2EA1CFE82C52123100A3A437 /* Preview Content */,
			);
			path = INDODOCS;
			sourceTree = "<group>";
		};
		2EA1CFE82C52123100A3A437 /* Preview Content */ = {
			isa = PBXGroup;
			children = (
				2EA1CFE92C52123100A3A437 /* Preview Assets.xcassets */,
			);
			path = "Preview Content";
			sourceTree = "<group>";
		};
		2EA1CFF02C5212FC00A3A437 /* Models */ = {
			isa = PBXGroup;
			children = (
				2EA1CFF12C52131700A3A437 /* APIModel.swift */,
				2EA1CFF62C6094FC00A3A437 /* PredictionModel.swift */,
			);
			path = Models;
			sourceTree = "<group>";
		};
		2EA1CFF32C52132300A3A437 /* Utils */ = {
			isa = PBXGroup;
			children = (
				2EA1CFF42C52142100A3A437 /* APIServices.swift */,
			);
			path = Utils;
			sourceTree = "<group>";
		};
		2EA1CFF82C60953B00A3A437 /* ViewModels */ = {
			isa = PBXGroup;
			children = (
				2EA1CFF92C60955D00A3A437 /* ImagePredictionViewModel.swift */,
			);
			path = ViewModels;
			sourceTree = "<group>";
		};
/* End PBXGroup section */

/* Begin PBXNativeTarget section */
		2EA1CFDE2C52123000A3A437 /* INDODOCS */ = {
			isa = PBXNativeTarget;
			buildConfigurationList = 2EA1CFED2C52123100A3A437 /* Build configuration list for PBXNativeTarget "INDODOCS" */;
			buildPhases = (
				2EA1CFDB2C52123000A3A437 /* Sources */,
				2EA1CFDC2C52123000A3A437 /* Frameworks */,
				2EA1CFDD2C52123000A3A437 /* Resources */,
			);
			buildRules = (
			);
			dependencies = (
			);
			name = INDODOCS;
			productName = INDODOCS;
			productReference = 2EA1CFDF2C52123000A3A437 /* INDODOCS.app */;
			productType = "com.apple.product-type.application";
		};
/* End PBXNativeTarget section */

/* Begin PBXProject section */
		2EA1CFD72C52123000A3A437 /* Project object */ = {
			isa = PBXProject;
			attributes = {
				BuildIndependentTargetsInParallel = 1;
				LastSwiftUpdateCheck = 1530;
				LastUpgradeCheck = 1530;
				TargetAttributes = {
					2EA1CFDE2C52123000A3A437 = {
						CreatedOnToolsVersion = 15.3;
					};
				};
			};
			buildConfigurationList = 2EA1CFDA2C52123000A3A437 /* Build configuration list for PBXProject "INDODOCS" */;
			compatibilityVersion = "Xcode 14.0";
			developmentRegion = en;
			hasScannedForEncodings = 0;
			knownRegions = (
				en,
				Base,
			);
			mainGroup = 2EA1CFD62C52123000A3A437;
			productRefGroup = 2EA1CFE02C52123000A3A437 /* Products */;
			projectDirPath = "";
			projectRoot = "";
			targets = (
				2EA1CFDE2C52123000A3A437 /* INDODOCS */,
			);
		};
/* End PBXProject section */

/* Begin PBXResourcesBuildPhase section */
		2EA1CFDD2C52123000A3A437 /* Resources */ = {
			isa = PBXResourcesBuildPhase;
			buildActionMask = 2147483647;
			files = (
				2EA1CFEA2C52123100A3A437 /* Preview Assets.xcassets in Resources */,
				2EA1CFE72C52123100A3A437 /* Assets.xcassets in Resources */,
			);
			runOnlyForDeploymentPostprocessing = 0;
		};
/* End PBXResourcesBuildPhase section */

/* Begin PBXSourcesBuildPhase section */
		2EA1CFDB2C52123000A3A437 /* Sources */ = {
			isa = PBXSourcesBuildPhase;
			buildActionMask = 2147483647;
			files = (
				2EA1CFF72C6094FC00A3A437 /* PredictionModel.swift in Sources */,
				2EA1CFE52C52123000A3A437 /* ContentView.swift in Sources */,
				2EA1CFF22C52131700A3A437 /* APIModel.swift in Sources */,
				2EA1CFFA2C60955D00A3A437 /* ImagePredictionViewModel.swift in Sources */,
				2EA1CFF52C52142100A3A437 /* APIServices.swift in Sources */,
				2EA1CFFE2C609A3D00A3A437 /* ImagePicker.swift in Sources */,
				2EA1CFFC2C60958A00A3A437 /* ImagePredictionView.swift in Sources */,
				2EA1CFE32C52123000A3A437 /* INDODOCSApp.swift in Sources */,
			);
			runOnlyForDeploymentPostprocessing = 0;
		};
/* End PBXSourcesBuildPhase section */

/* Begin XCBuildConfiguration section */
		2EA1CFEB2C52123100A3A437 /* Debug */ = {
			isa = XCBuildConfiguration;
			buildSettings = {
				ALWAYS_SEARCH_USER_PATHS = NO;
				ASSETCATALOG_COMPILER_GENERATE_SWIFT_ASSET_SYMBOL_EXTENSIONS = YES;
				CLANG_ANALYZER_NONNULL = YES;
				CLANG_ANALYZER_NUMBER_OBJECT_CONVERSION = YES_AGGRESSIVE;
				CLANG_CXX_LANGUAGE_STANDARD = "gnu++20";
				CLANG_ENABLE_MODULES = YES;
				CLANG_ENABLE_OBJC_ARC = YES;
				CLANG_ENABLE_OBJC_WEAK = YES;
				CLANG_WARN_BLOCK_CAPTURE_AUTORELEASING = YES;
				CLANG_WARN_BOOL_CONVERSION = YES;
				CLANG_WARN_COMMA = YES;
				CLANG_WARN_CONSTANT_CONVERSION = YES;
				CLANG_WARN_DEPRECATED_OBJC_IMPLEMENTATIONS = YES;
				CLANG_WARN_DIRECT_OBJC_ISA_USAGE = YES_ERROR;
				CLANG_WARN_DOCUMENTATION_COMMENTS = YES;
				CLANG_WARN_EMPTY_BODY = YES;
				CLANG_WARN_ENUM_CONVERSION = YES;
				CLANG_WARN_INFINITE_RECURSION = YES;
				CLANG_WARN_INT_CONVERSION = YES;
				CLANG_WARN_NON_LITERAL_NULL_CONVERSION = YES;
				CLANG_WARN_OBJC_IMPLICIT_RETAIN_SELF = YES;
				CLANG_WARN_OBJC_LITERAL_CONVERSION = YES;
				CLANG_WARN_OBJC_ROOT_CLASS = YES_ERROR;
				CLANG_WARN_QUOTED_INCLUDE_IN_FRAMEWORK_HEADER = YES;
				CLANG_WARN_RANGE_LOOP_ANALYSIS = YES;
				CLANG_WARN_STRICT_PROTOTYPES = YES;
				CLANG_WARN_SUSPICIOUS_MOVE = YES;
				CLANG_WARN_UNGUARDED_AVAILABILITY = YES_AGGRESSIVE;
				CLANG_WARN_UNREACHABLE_CODE = YES;
				CLANG_WARN__DUPLICATE_METHOD_MATCH = YES;
				COPY_PHASE_STRIP = NO;
				DEBUG_INFORMATION_FORMAT = dwarf;
				ENABLE_STRICT_OBJC_MSGSEND = YES;
				ENABLE_TESTABILITY = YES;
				ENABLE_USER_SCRIPT_SANDBOXING = YES;
				GCC_C_LANGUAGE_STANDARD = gnu17;
				GCC_DYNAMIC_NO_PIC = NO;
				GCC_NO_COMMON_BLOCKS = YES;
				GCC_OPTIMIZATION_LEVEL = 0;
				GCC_PREPROCESSOR_DEFINITIONS = (
					"DEBUG=1",
					"$(inherited)",
				);
				GCC_WARN_64_TO_32_BIT_CONVERSION = YES;
				GCC_WARN_ABOUT_RETURN_TYPE = YES_ERROR;
				GCC_WARN_UNDECLARED_SELECTOR = YES;
				GCC_WARN_UNINITIALIZED_AUTOS = YES_AGGRESSIVE;
				GCC_WARN_UNUSED_FUNCTION = YES;
				GCC_WARN_UNUSED_VARIABLE = YES;
				IPHONEOS_DEPLOYMENT_TARGET = 17.4;
				LOCALIZATION_PREFERS_STRING_CATALOGS = YES;
				MTL_ENABLE_DEBUG_INFO = INCLUDE_SOURCE;
				MTL_FAST_MATH = YES;
				ONLY_ACTIVE_ARCH = YES;
				SDKROOT = iphoneos;
				SWIFT_ACTIVE_COMPILATION_CONDITIONS = "DEBUG $(inherited)";
				SWIFT_OPTIMIZATION_LEVEL = "-Onone";
			};
			name = Debug;
		};
		2EA1CFEC2C52123100A3A437 /* Release */ = {
			isa = XCBuildConfiguration;
			buildSettings = {
				ALWAYS_SEARCH_USER_PATHS = NO;
				ASSETCATALOG_COMPILER_GENERATE_SWIFT_ASSET_SYMBOL_EXTENSIONS = YES;
				CLANG_ANALYZER_NONNULL = YES;
				CLANG_ANALYZER_NUMBER_OBJECT_CONVERSION = YES_AGGRESSIVE;
				CLANG_CXX_LANGUAGE_STANDARD = "gnu++20";
				CLANG_ENABLE_MODULES = YES;
				CLANG_ENABLE_OBJC_ARC = YES;
				CLANG_ENABLE_OBJC_WEAK = YES;
				CLANG_WARN_BLOCK_CAPTURE_AUTORELEASING = YES;
				CLANG_WARN_BOOL_CONVERSION = YES;
				CLANG_WARN_COMMA = YES;
				CLANG_WARN_CONSTANT_CONVERSION = YES;
				CLANG_WARN_DEPRECATED_OBJC_IMPLEMENTATIONS = YES;
				CLANG_WARN_DIRECT_OBJC_ISA_USAGE = YES_ERROR;
				CLANG_WARN_DOCUMENTATION_COMMENTS = YES;
				CLANG_WARN_EMPTY_BODY = YES;
				CLANG_WARN_ENUM_CONVERSION = YES;
				CLANG_WARN_INFINITE_RECURSION = YES;
				CLANG_WARN_INT_CONVERSION = YES;
				CLANG_WARN_NON_LITERAL_NULL_CONVERSION = YES;
				CLANG_WARN_OBJC_IMPLICIT_RETAIN_SELF = YES;
				CLANG_WARN_OBJC_LITERAL_CONVERSION = YES;
				CLANG_WARN_OBJC_ROOT_CLASS = YES_ERROR;
				CLANG_WARN_QUOTED_INCLUDE_IN_FRAMEWORK_HEADER = YES;
				CLANG_WARN_RANGE_LOOP_ANALYSIS = YES;
				CLANG_WARN_STRICT_PROTOTYPES = YES;
				CLANG_WARN_SUSPICIOUS_MOVE = YES;
				CLANG_WARN_UNGUARDED_AVAILABILITY = YES_AGGRESSIVE;
				CLANG_WARN_UNREACHABLE_CODE = YES;
				CLANG_WARN__DUPLICATE_METHOD_MATCH = YES;
				COPY_PHASE_STRIP = NO;
				DEBUG_INFORMATION_FORMAT = "dwarf-with-dsym";
				ENABLE_NS_ASSERTIONS = NO;
				ENABLE_STRICT_OBJC_MSGSEND = YES;
				ENABLE_USER_SCRIPT_SANDBOXING = YES;
				GCC_C_LANGUAGE_STANDARD = gnu17;
				GCC_NO_COMMON_BLOCKS = YES;
				GCC_WARN_64_TO_32_BIT_CONVERSION = YES;
				GCC_WARN_ABOUT_RETURN_TYPE = YES_ERROR;
				GCC_WARN_UNDECLARED_SELECTOR = YES;
				GCC_WARN_UNINITIALIZED_AUTOS = YES_AGGRESSIVE;
				GCC_WARN_UNUSED_FUNCTION = YES;
				GCC_WARN_UNUSED_VARIABLE = YES;
				IPHONEOS_DEPLOYMENT_TARGET = 17.4;
				LOCALIZATION_PREFERS_STRING_CATALOGS = YES;
				MTL_ENABLE_DEBUG_INFO = NO;
				MTL_FAST_MATH = YES;
				SDKROOT = iphoneos;
				SWIFT_COMPILATION_MODE = wholemodule;
				VALIDATE_PRODUCT = YES;
			};
			name = Release;
		};
		2EA1CFEE2C52123100A3A437 /* Debug */ = {
			isa = XCBuildConfiguration;
			buildSettings = {
				ASSETCATALOG_COMPILER_APPICON_NAME = AppIcon;
				ASSETCATALOG_COMPILER_GLOBAL_ACCENT_COLOR_NAME = AccentColor;
				CODE_SIGN_STYLE = Automatic;
				CURRENT_PROJECT_VERSION = 1;
				DEVELOPMENT_ASSET_PATHS = "\"INDODOCS/Preview Content\"";
				DEVELOPMENT_TEAM = C59QF2W8P6;
				ENABLE_PREVIEWS = YES;
				GENERATE_INFOPLIST_FILE = YES;
				INFOPLIST_KEY_UIApplicationSceneManifest_Generation = YES;
				INFOPLIST_KEY_UIApplicationSupportsIndirectInputEvents = YES;
				INFOPLIST_KEY_UILaunchScreen_Generation = YES;
				INFOPLIST_KEY_UISupportedInterfaceOrientations_iPad = "UIInterfaceOrientationPortrait UIInterfaceOrientationPortraitUpsideDown UIInterfaceOrientationLandscapeLeft UIInterfaceOrientationLandscapeRight";
				INFOPLIST_KEY_UISupportedInterfaceOrientations_iPhone = "UIInterfaceOrientationPortrait UIInterfaceOrientationLandscapeLeft UIInterfaceOrientationLandscapeRight";
				LD_RUNPATH_SEARCH_PATHS = (
					"$(inherited)",
					"@executable_path/Frameworks",
				);
				MARKETING_VERSION = 1.0;
				PRODUCT_BUNDLE_IDENTIFIER = CalDev.INDODOCS;
				PRODUCT_NAME = "$(TARGET_NAME)";
				SWIFT_EMIT_LOC_STRINGS = YES;
				SWIFT_VERSION = 5.0;
				TARGETED_DEVICE_FAMILY = "1,2";
			};
			name = Debug;
		};
		2EA1CFEF2C52123100A3A437 /* Release */ = {
			isa = XCBuildConfiguration;
			buildSettings = {
				ASSETCATALOG_COMPILER_APPICON_NAME = AppIcon;
				ASSETCATALOG_COMPILER_GLOBAL_ACCENT_COLOR_NAME = AccentColor;
				CODE_SIGN_STYLE = Automatic;
				CURRENT_PROJECT_VERSION = 1;
				DEVELOPMENT_ASSET_PATHS = "\"INDODOCS/Preview Content\"";
				DEVELOPMENT_TEAM = C59QF2W8P6;
				ENABLE_PREVIEWS = YES;
				GENERATE_INFOPLIST_FILE = YES;
				INFOPLIST_KEY_UIApplicationSceneManifest_Generation = YES;
				INFOPLIST_KEY_UIApplicationSupportsIndirectInputEvents = YES;
				INFOPLIST_KEY_UILaunchScreen_Generation = YES;
				INFOPLIST_KEY_UISupportedInterfaceOrientations_iPad = "UIInterfaceOrientationPortrait UIInterfaceOrientationPortraitUpsideDown UIInterfaceOrientationLandscapeLeft UIInterfaceOrientationLandscapeRight";
				INFOPLIST_KEY_UISupportedInterfaceOrientations_iPhone = "UIInterfaceOrientationPortrait UIInterfaceOrientationLandscapeLeft UIInterfaceOrientationLandscapeRight";
				LD_RUNPATH_SEARCH_PATHS = (
					"$(inherited)",
					"@executable_path/Frameworks",
				);
				MARKETING_VERSION = 1.0;
				PRODUCT_BUNDLE_IDENTIFIER = CalDev.INDODOCS;
				PRODUCT_NAME = "$(TARGET_NAME)";
				SWIFT_EMIT_LOC_STRINGS = YES;
				SWIFT_VERSION = 5.0;
				TARGETED_DEVICE_FAMILY = "1,2";
			};
			name = Release;
		};
/* End XCBuildConfiguration section */

/* Begin XCConfigurationList section */
		2EA1CFDA2C52123000A3A437 /* Build configuration list for PBXProject "INDODOCS" */ = {
			isa = XCConfigurationList;
			buildConfigurations = (
				2EA1CFEB2C52123100A3A437 /* Debug */,
				2EA1CFEC2C52123100A3A437 /* Release */,
			);
			defaultConfigurationIsVisible = 0;
			defaultConfigurationName = Release;
		};
		2EA1CFED2C52123100A3A437 /* Build configuration list for PBXNativeTarget "INDODOCS" */ = {
			isa = XCConfigurationList;
			buildConfigurations = (
				2EA1CFEE2C52123100A3A437 /* Debug */,
				2EA1CFEF2C52123100A3A437 /* Release */,
			);
			defaultConfigurationIsVisible = 0;
			defaultConfigurationName = Release;
		};
/* End XCConfigurationList section */
	};
	rootObject = 2EA1CFD72C52123000A3A437 /* Project object */;
}
